
Microsoft Visual Studio Solution File, Format Version 12.00
# Visual Studio 14
VisualStudioVersion = 14.0.25420.1
MinimumVisualStudioVersion = 10.0.40219.1
Project("{FAE04EC0-301F-11D3-BF4B-00C04F79EFBC}") = "FamilyApp2", "FamilyApp2\FamilyApp2\FamilyApp2.csproj", "{F6B6EE22-1A18-4D84-83FA-01AFB4F31B92}"
EndProject
Project("{FAE04EC0-301F-11D3-BF4B-00C04F79EFBC}") = "FamilyApp2.Droid", "FamilyApp2\FamilyApp2.Droid\FamilyApp2.Droid.csproj", "{145427CA-5B67-44B9-A6E4-877C588DA541}"
EndProject
Project("{FAE04EC0-301F-11D3-BF4B-00C04F79EFBC}") = "FamilyApp2.iOS", "FamilyApp2\FamilyApp2.iOS\FamilyApp2.iOS.csproj", "{33E94379-0E38-4E52-9244-7D10A59E7C2C}"
EndProject
Project("{FAE04EC0-301F-11D3-BF4B-00C04F79EFBC}") = "FamilyApp2.WinPhone", "FamilyApp2\FamilyApp2.WinPhone\FamilyApp2.WinPhone.csproj", "{A88885A6-E316-43BD-86D9-AF32221D352B}"
EndProject
Project("{FAE04EC0-301F-11D3-BF4B-00C04F79EFBC}") = "FamilyApp2.UWP", "FamilyApp2\FamilyApp2.UWP\FamilyApp2.UWP.csproj", "{3926BC4E-20EC-46C6-8464-2DF9E1740B95}"
EndProject
Project("{FAE04EC0-301F-11D3-BF4B-00C04F79EFBC}") = "FamilyApp2.Windows", "FamilyApp2\FamilyApp2.Windows\FamilyApp2.Windows.csproj", "{4A26DBD6-2FF1-47AA-8D83-4B348800C010}"
EndProject
Global
	GlobalSection(SolutionConfigurationPlatforms) = preSolution
		Ad-Hoc|Any CPU = Ad-Hoc|Any CPU
		Ad-Hoc|ARM = Ad-Hoc|ARM
		Ad-Hoc|iPhone = Ad-Hoc|iPhone
		Ad-Hoc|iPhoneSimulator = Ad-Hoc|iPhoneSimulator
		Ad-Hoc|x64 = Ad-Hoc|x64
		Ad-Hoc|x86 = Ad-Hoc|x86
		AppStore|Any CPU = AppStore|Any CPU
		AppStore|ARM = AppStore|ARM
		AppStore|iPhone = AppStore|iPhone
		AppStore|iPhoneSimulator = AppStore|iPhoneSimulator
		AppStore|x64 = AppStore|x64
		AppStore|x86 = AppStore|x86
		Debug|Any CPU = Debug|Any CPU
		Debug|ARM = Debug|ARM
		Debug|iPhone = Debug|iPhone
		Debug|iPhoneSimulator = Debug|iPhoneSimulator
		Debug|x64 = Debug|x64
		Debug|x86 = Debug|x86
		Release|Any CPU = Release|Any CPU
		Release|ARM = Release|ARM
		Release|iPhone = Release|iPhone
		Release|iPhoneSimulator = Release|iPhoneSimulator
		Release|x64 = Release|x64
		Release|x86 = Release|x86
	EndGlobalSection
	GlobalSection(ProjectConfigurationPlatforms) = postSolution
		{F6B6EE22-1A18-4D84-83FA-01AFB4F31B92}.Ad-Hoc|Any CPU.ActiveCfg = Release|Any CPU
		{F6B6EE22-1A18-4D84-83FA-01AFB4F31B92}.Ad-Hoc|Any CPU.Build.0 = Release|Any CPU
		{F6B6EE22-1A18-4D84-83FA-01AFB4F31B92}.Ad-Hoc|ARM.ActiveCfg = Release|Any CPU
		{F6B6EE22-1A18-4D84-83FA-01AFB4F31B92}.Ad-Hoc|ARM.Build.0 = Release|Any CPU
		{F6B6EE22-1A18-4D84-83FA-01AFB4F31B92}.Ad-Hoc|iPhone.ActiveCfg = Release|Any CPU
		{F6B6EE22-1A18-4D84-83FA-01AFB4F31B92}.Ad-Hoc|iPhone.Build.0 = Release|Any CPU
		{F6B6EE22-1A18-4D84-83FA-01AFB4F31B92}.Ad-Hoc|iPhoneSimulator.ActiveCfg = Release|Any CPU
		{F6B6EE22-1A18-4D84-83FA-01AFB4F31B92}.Ad-Hoc|iPhoneSimulator.Build.0 = Release|Any CPU
		{F6B6EE22-1A18-4D84-83FA-01AFB4F31B92}.Ad-Hoc|x64.ActiveCfg = Release|Any CPU
		{F6B6EE22-1A18-4D84-83FA-01AFB4F31B92}.Ad-Hoc|x64.Build.0 = Release|Any CPU
		{F6B6EE22-1A18-4D84-83FA-01AFB4F31B92}.Ad-Hoc|x86.ActiveCfg = Release|Any CPU
		{F6B6EE22-1A18-4D84-83FA-01AFB4F31B92}.Ad-Hoc|x86.Build.0 = Release|Any CPU
		{F6B6EE22-1A18-4D84-83FA-01AFB4F31B92}.AppStore|Any CPU.ActiveCfg = Release|Any CPU
		{F6B6EE22-1A18-4D84-83FA-01AFB4F31B92}.AppStore|Any CPU.Build.0 = Release|Any CPU
		{F6B6EE22-1A18-4D84-83FA-01AFB4F31B92}.AppStore|ARM.ActiveCfg = Release|Any CPU
		{F6B6EE22-1A18-4D84-83FA-01AFB4F31B92}.AppStore|ARM.Build.0 = Release|Any CPU
		{F6B6EE22-1A18-4D84-83FA-01AFB4F31B92}.AppStore|iPhone.ActiveCfg = Release|Any CPU
		{F6B6EE22-1A18-4D84-83FA-01AFB4F31B92}.AppStore|iPhone.Build.0 = Release|Any CPU
		{F6B6EE22-1A18-4D84-83FA-01AFB4F31B92}.AppStore|iPhoneSimulator.ActiveCfg = Release|Any CPU
		{F6B6EE22-1A18-4D84-83FA-01AFB4F31B92}.AppStore|iPhoneSimulator.Build.0 = Release|Any CPU
		{F6B6EE22-1A18-4D84-83FA-01AFB4F31B92}.AppStore|x64.ActiveCfg = Release|Any CPU
		{F6B6EE22-1A18-4D84-83FA-01AFB4F31B92}.AppStore|x64.Build.0 = Release|Any CPU
		{F6B6EE22-1A18-4D84-83FA-01AFB4F31B92}.AppStore|x86.ActiveCfg = Release|Any CPU
		{F6B6EE22-1A18-4D84-83FA-01AFB4F31B92}.AppStore|x86.Build.0 = Release|Any CPU
		{F6B6EE22-1A18-4D84-83FA-01AFB4F31B92}.Debug|Any CPU.ActiveCfg = Debug|Any CPU
		{F6B6EE22-1A18-4D84-83FA-01AFB4F31B92}.Debug|Any CPU.Build.0 = Debug|Any CPU
		{F6B6EE22-1A18-4D84-83FA-01AFB4F31B92}.Debug|ARM.ActiveCfg = Debug|Any CPU
		{F6B6EE22-1A18-4D84-83FA-01AFB4F31B92}.Debug|ARM.Build.0 = Debug|Any CPU
		{F6B6EE22-1A18-4D84-83FA-01AFB4F31B92}.Debug|iPhone.ActiveCfg = Debug|Any CPU
		{F6B6EE22-1A18-4D84-83FA-01AFB4F31B92}.Debug|iPhone.Build.0 = Debug|Any CPU
		{F6B6EE22-1A18-4D84-83FA-01AFB4F31B92}.Debug|iPhoneSimulator.ActiveCfg = Debug|Any CPU
		{F6B6EE22-1A18-4D84-83FA-01AFB4F31B92}.Debug|iPhoneSimulator.Build.0 = Debug|Any CPU
		{F6B6EE22-1A18-4D84-83FA-01AFB4F31B92}.Debug|x64.ActiveCfg = Debug|Any CPU
		{F6B6EE22-1A18-4D84-83FA-01AFB4F31B92}.Debug|x64.Build.0 = Debug|Any CPU
		{F6B6EE22-1A18-4D84-83FA-01AFB4F31B92}.Debug|x86.ActiveCfg = Debug|Any CPU
		{F6B6EE22-1A18-4D84-83FA-01AFB4F31B92}.Debug|x86.Build.0 = Debug|Any CPU
		{F6B6EE22-1A18-4D84-83FA-01AFB4F31B92}.Release|Any CPU.ActiveCfg = Release|Any CPU
		{F6B6EE22-1A18-4D84-83FA-01AFB4F31B92}.Release|Any CPU.Build.0 = Release|Any CPU
		{F6B6EE22-1A18-4D84-83FA-01AFB4F31B92}.Release|ARM.ActiveCfg = Release|Any CPU
		{F6B6EE22-1A18-4D84-83FA-01AFB4F31B92}.Release|ARM.Build.0 = Release|Any CPU
		{F6B6EE22-1A18-4D84-83FA-01AFB4F31B92}.Release|iPhone.ActiveCfg = Release|Any CPU
		{F6B6EE22-1A18-4D84-83FA-01AFB4F31B92}.Release|iPhone.Build.0 = Release|Any CPU
		{F6B6EE22-1A18-4D84-83FA-01AFB4F31B92}.Release|iPhoneSimulator.ActiveCfg = Release|Any CPU
		{F6B6EE22-1A18-4D84-83FA-01AFB4F31B92}.Release|iPhoneSimulator.Build.0 = Release|Any CPU
		{F6B6EE22-1A18-4D84-83FA-01AFB4F31B92}.Release|x64.ActiveCfg = Release|Any CPU
		{F6B6EE22-1A18-4D84-83FA-01AFB4F31B92}.Release|x64.Build.0 = Release|Any CPU
		{F6B6EE22-1A18-4D84-83FA-01AFB4F31B92}.Release|x86.ActiveCfg = Release|Any CPU
		{F6B6EE22-1A18-4D84-83FA-01AFB4F31B92}.Release|x86.Build.0 = Release|Any CPU
		{145427CA-5B67-44B9-A6E4-877C588DA541}.Ad-Hoc|Any CPU.ActiveCfg = Release|Any CPU
		{145427CA-5B67-44B9-A6E4-877C588DA541}.Ad-Hoc|Any CPU.Build.0 = Release|Any CPU
		{145427CA-5B67-44B9-A6E4-877C588DA541}.Ad-Hoc|Any CPU.Deploy.0 = Release|Any CPU
		{145427CA-5B67-44B9-A6E4-877C588DA541}.Ad-Hoc|ARM.ActiveCfg = Release|Any CPU
		{145427CA-5B67-44B9-A6E4-877C588DA541}.Ad-Hoc|ARM.Build.0 = Release|Any CPU
		{145427CA-5B67-44B9-A6E4-877C588DA541}.Ad-Hoc|ARM.Deploy.0 = Release|Any CPU
		{145427CA-5B67-44B9-A6E4-877C588DA541}.Ad-Hoc|iPhone.ActiveCfg = Release|Any CPU
		{145427CA-5B67-44B9-A6E4-877C588DA541}.Ad-Hoc|iPhone.Build.0 = Release|Any CPU
		{145427CA-5B67-44B9-A6E4-877C588DA541}.Ad-Hoc|iPhone.Deploy.0 = Release|Any CPU
		{145427CA-5B67-44B9-A6E4-877C588DA541}.Ad-Hoc|iPhoneSimulator.ActiveCfg = Release|Any CPU
		{145427CA-5B67-44B9-A6E4-877C588DA541}.Ad-Hoc|iPhoneSimulator.Build.0 = Release|Any CPU
		{145427CA-5B67-44B9-A6E4-877C588DA541}.Ad-Hoc|iPhoneSimulator.Deploy.0 = Release|Any CPU
		{145427CA-5B67-44B9-A6E4-877C588DA541}.Ad-Hoc|x64.ActiveCfg = Release|Any CPU
		{145427CA-5B67-44B9-A6E4-877C588DA541}.Ad-Hoc|x64.Build.0 = Release|Any CPU
		{145427CA-5B67-44B9-A6E4-877C588DA541}.Ad-Hoc|x64.Deploy.0 = Release|Any CPU
		{145427CA-5B67-44B9-A6E4-877C588DA541}.Ad-Hoc|x86.ActiveCfg = Release|Any CPU
		{145427CA-5B67-44B9-A6E4-877C588DA541}.Ad-Hoc|x86.Build.0 = Release|Any CPU
		{145427CA-5B67-44B9-A6E4-877C588DA541}.Ad-Hoc|x86.Deploy.0 = Release|Any CPU
		{145427CA-5B67-44B9-A6E4-877C588DA541}.AppStore|Any CPU.ActiveCfg = Release|Any CPU
		{145427CA-5B67-44B9-A6E4-877C588DA541}.AppStore|Any CPU.Build.0 = Release|Any CPU
		{145427CA-5B67-44B9-A6E4-877C588DA541}.AppStore|Any CPU.Deploy.0 = Release|Any CPU
		{145427CA-5B67-44B9-A6E4-877C588DA541}.AppStore|ARM.ActiveCfg = Release|Any CPU
		{145427CA-5B67-44B9-A6E4-877C588DA541}.AppStore|ARM.Build.0 = Release|Any CPU
		{145427CA-5B67-44B9-A6E4-877C588DA541}.AppStore|ARM.Deploy.0 = Release|Any CPU
		{145427CA-5B67-44B9-A6E4-877C588DA541}.AppStore|iPhone.ActiveCfg = Release|Any CPU
		{145427CA-5B67-44B9-A6E4-877C588DA541}.AppStore|iPhone.Build.0 = Release|Any CPU
		{145427CA-5B67-44B9-A6E4-877C588DA541}.AppStore|iPhone.Deploy.0 = Release|Any CPU
		{145427CA-5B67-44B9-A6E4-877C588DA541}.AppStore|iPhoneSimulator.ActiveCfg = Release|Any CPU
		{145427CA-5B67-44B9-A6E4-877C588DA541}.AppStore|iPhoneSimulator.Build.0 = Release|Any CPU
		{145427CA-5B67-44B9-A6E4-877C588DA541}.AppStore|iPhoneSimulator.Deploy.0 = Release|Any CPU
		{145427CA-5B67-44B9-A6E4-877C588DA541}.AppStore|x64.ActiveCfg = Release|Any CPU
		{145427CA-5B67-44B9-A6E4-877C588DA541}.AppStore|x64.Build.0 = Release|Any CPU
		{145427CA-5B67-44B9-A6E4-877C588DA541}.AppStore|x64.Deploy.0 = Release|Any CPU
		{145427CA-5B67-44B9-A6E4-877C588DA541}.AppStore|x86.ActiveCfg = Release|Any CPU
		{145427CA-5B67-44B9-A6E4-877C588DA541}.AppStore|x86.Build.0 = Release|Any CPU
		{145427CA-5B67-44B9-A6E4-877C588DA541}.AppStore|x86.Deploy.0 = Release|Any CPU
		{145427CA-5B67-44B9-A6E4-877C588DA541}.Debug|Any CPU.ActiveCfg = Debug|Any CPU
		{145427CA-5B67-44B9-A6E4-877C588DA541}.Debug|Any CPU.Build.0 = Debug|Any CPU
		{145427CA-5B67-44B9-A6E4-877C588DA541}.Debug|Any CPU.Deploy.0 = Debug|Any CPU
		{145427CA-5B67-44B9-A6E4-877C588DA541}.Debug|ARM.ActiveCfg = Debug|Any CPU
		{145427CA-5B67-44B9-A6E4-877C588DA541}.Debug|ARM.Build.0 = Debug|Any CPU
		{145427CA-5B67-44B9-A6E4-877C588DA541}.Debug|ARM.Deploy.0 = Debug|Any CPU
		{145427CA-5B67-44B9-A6E4-877C588DA541}.Debug|iPhone.ActiveCfg = Debug|Any CPU
		{145427CA-5B67-44B9-A6E4-877C588DA541}.Debug|iPhone.Build.0 = Debug|Any CPU
		{145427CA-5B67-44B9-A6E4-877C588DA541}.Debug|iPhone.Deploy.0 = Debug|Any CPU
		{145427CA-5B67-44B9-A6E4-877C588DA541}.Debug|iPhoneSimulator.ActiveCfg = Debug|Any CPU
		{145427CA-5B67-44B9-A6E4-877C588DA541}.Debug|iPhoneSimulator.Build.0 = Debug|Any CPU
		{145427CA-5B67-44B9-A6E4-877C588DA541}.Debug|iPhoneSimulator.Deploy.0 = Debug|Any CPU
		{145427CA-5B67-44B9-A6E4-877C588DA541}.Debug|x64.ActiveCfg = Debug|Any CPU
		{145427CA-5B67-44B9-A6E4-877C588DA541}.Debug|x64.Build.0 = Debug|Any CPU
		{145427CA-5B67-44B9-A6E4-877C588DA541}.Debug|x64.Deploy.0 = Debug|Any CPU
		{145427CA-5B67-44B9-A6E4-877C588DA541}.Debug|x86.ActiveCfg = Debug|Any CPU
		{145427CA-5B67-44B9-A6E4-877C588DA541}.Debug|x86.Build.0 = Debug|Any CPU
		{145427CA-5B67-44B9-A6E4-877C588DA541}.Debug|x86.Deploy.0 = Debug|Any CPU
		{145427CA-5B67-44B9-A6E4-877C588DA541}.Release|Any CPU.ActiveCfg = Release|Any CPU
		{145427CA-5B67-44B9-A6E4-877C588DA541}.Release|Any CPU.Build.0 = Release|Any CPU
		{145427CA-5B67-44B9-A6E4-877C588DA541}.Release|Any CPU.Deploy.0 = Release|Any CPU
		{145427CA-5B67-44B9-A6E4-877C588DA541}.Release|ARM.ActiveCfg = Release|Any CPU
		{145427CA-5B67-44B9-A6E4-877C588DA541}.Release|ARM.Build.0 = Release|Any CPU
		{145427CA-5B67-44B9-A6E4-877C588DA541}.Release|ARM.Deploy.0 = Release|Any CPU
		{145427CA-5B67-44B9-A6E4-877C588DA541}.Release|iPhone.ActiveCfg = Release|Any CPU
		{145427CA-5B67-44B9-A6E4-877C588DA541}.Release|iPhone.Build.0 = Release|Any CPU
		{145427CA-5B67-44B9-A6E4-877C588DA541}.Release|iPhone.Deploy.0 = Release|Any CPU
		{145427CA-5B67-44B9-A6E4-877C588DA541}.Release|iPhoneSimulator.ActiveCfg = Release|Any CPU
		{145427CA-5B67-44B9-A6E4-877C588DA541}.Release|iPhoneSimulator.Build.0 = Release|Any CPU
		{145427CA-5B67-44B9-A6E4-877C588DA541}.Release|iPhoneSimulator.Deploy.0 = Release|Any CPU
		{145427CA-5B67-44B9-A6E4-877C588DA541}.Release|x64.ActiveCfg = Release|Any CPU
		{145427CA-5B67-44B9-A6E4-877C588DA541}.Release|x64.Build.0 = Release|Any CPU
		{145427CA-5B67-44B9-A6E4-877C588DA541}.Release|x64.Deploy.0 = Release|Any CPU
		{145427CA-5B67-44B9-A6E4-877C588DA541}.Release|x86.ActiveCfg = Release|Any CPU
		{145427CA-5B67-44B9-A6E4-877C588DA541}.Release|x86.Build.0 = Release|Any CPU
		{145427CA-5B67-44B9-A6E4-877C588DA541}.Release|x86.Deploy.0 = Release|Any CPU
		{33E94379-0E38-4E52-9244-7D10A59E7C2C}.Ad-Hoc|Any CPU.ActiveCfg = Ad-Hoc|iPhone
		{33E94379-0E38-4E52-9244-7D10A59E7C2C}.Ad-Hoc|ARM.ActiveCfg = Ad-Hoc|iPhone
		{33E94379-0E38-4E52-9244-7D10A59E7C2C}.Ad-Hoc|iPhone.ActiveCfg = Ad-Hoc|iPhone
		{33E94379-0E38-4E52-9244-7D10A59E7C2C}.Ad-Hoc|iPhone.Build.0 = Ad-Hoc|iPhone
		{33E94379-0E38-4E52-9244-7D10A59E7C2C}.Ad-Hoc|iPhoneSimulator.ActiveCfg = Ad-Hoc|iPhoneSimulator
		{33E94379-0E38-4E52-9244-7D10A59E7C2C}.Ad-Hoc|iPhoneSimulator.Build.0 = Ad-Hoc|iPhoneSimulator
		{33E94379-0E38-4E52-9244-7D10A59E7C2C}.Ad-Hoc|x64.ActiveCfg = Ad-Hoc|iPhone
		{33E94379-0E38-4E52-9244-7D10A59E7C2C}.Ad-Hoc|x86.ActiveCfg = Ad-Hoc|iPhone
		{33E94379-0E38-4E52-9244-7D10A59E7C2C}.AppStore|Any CPU.ActiveCfg = AppStore|iPhone
		{33E94379-0E38-4E52-9244-7D10A59E7C2C}.AppStore|ARM.ActiveCfg = AppStore|iPhone
		{33E94379-0E38-4E52-9244-7D10A59E7C2C}.AppStore|iPhone.ActiveCfg = AppStore|iPhone
		{33E94379-0E38-4E52-9244-7D10A59E7C2C}.AppStore|iPhone.Build.0 = AppStore|iPhone
		{33E94379-0E38-4E52-9244-7D10A59E7C2C}.AppStore|iPhoneSimulator.ActiveCfg = AppStore|iPhoneSimulator
		{33E94379-0E38-4E52-9244-7D10A59E7C2C}.AppStore|iPhoneSimulator.Build.0 = AppStore|iPhoneSimulator
		{33E94379-0E38-4E52-9244-7D10A59E7C2C}.AppStore|x64.ActiveCfg = AppStore|iPhone
		{33E94379-0E38-4E52-9244-7D10A59E7C2C}.AppStore|x86.ActiveCfg = AppStore|iPhone
		{33E94379-0E38-4E52-9244-7D10A59E7C2C}.Debug|Any CPU.ActiveCfg = Debug|iPhone
		{33E94379-0E38-4E52-9244-7D10A59E7C2C}.Debug|ARM.ActiveCfg = Debug|iPhone
		{33E94379-0E38-4E52-9244-7D10A59E7C2C}.Debug|iPhone.ActiveCfg = Debug|iPhone
		{33E94379-0E38-4E52-9244-7D10A59E7C2C}.Debug|iPhone.Build.0 = Debug|iPhone
		{33E94379-0E38-4E52-9244-7D10A59E7C2C}.Debug|iPhoneSimulator.ActiveCfg = Debug|iPhoneSimulator
		{33E94379-0E38-4E52-9244-7D10A59E7C2C}.Debug|iPhoneSimulator.Build.0 = Debug|iPhoneSimulator
		{33E94379-0E38-4E52-9244-7D10A59E7C2C}.Debug|x64.ActiveCfg = Debug|iPhone
		{33E94379-0E38-4E52-9244-7D10A59E7C2C}.Debug|x86.ActiveCfg = Debug|iPhone
		{33E94379-0E38-4E52-9244-7D10A59E7C2C}.Release|Any CPU.ActiveCfg = Release|iPhone
		{33E94379-0E38-4E52-9244-7D10A59E7C2C}.Release|ARM.ActiveCfg = Release|iPhone
		{33E94379-0E38-4E52-9244-7D10A59E7C2C}.Release|iPhone.ActiveCfg = Release|iPhone
		{33E94379-0E38-4E52-9244-7D10A59E7C2C}.Release|iPhone.Build.0 = Release|iPhone
		{33E94379-0E38-4E52-9244-7D10A59E7C2C}.Release|iPhoneSimulator.ActiveCfg = Release|iPhoneSimulator
		{33E94379-0E38-4E52-9244-7D10A59E7C2C}.Release|iPhoneSimulator.Build.0 = Release|iPhoneSimulator
		{33E94379-0E38-4E52-9244-7D10A59E7C2C}.Release|x64.ActiveCfg = Release|iPhone
		{33E94379-0E38-4E52-9244-7D10A59E7C2C}.Release|x86.ActiveCfg = Release|iPhone
		{A88885A6-E316-43BD-86D9-AF32221D352B}.Ad-Hoc|Any CPU.ActiveCfg = Release|Any CPU
		{A88885A6-E316-43BD-86D9-AF32221D352B}.Ad-Hoc|Any CPU.Build.0 = Release|Any CPU
		{A88885A6-E316-43BD-86D9-AF32221D352B}.Ad-Hoc|Any CPU.Deploy.0 = Release|Any CPU
		{A88885A6-E316-43BD-86D9-AF32221D352B}.Ad-Hoc|ARM.ActiveCfg = Release|ARM
		{A88885A6-E316-43BD-86D9-AF32221D352B}.Ad-Hoc|ARM.Build.0 = Release|ARM
		{A88885A6-E316-43BD-86D9-AF32221D352B}.Ad-Hoc|ARM.Deploy.0 = Release|ARM
		{A88885A6-E316-43BD-86D9-AF32221D352B}.Ad-Hoc|iPhone.ActiveCfg = Release|Any CPU
		{A88885A6-E316-43BD-86D9-AF32221D352B}.Ad-Hoc|iPhone.Build.0 = Release|Any CPU
		{A88885A6-E316-43BD-86D9-AF32221D352B}.Ad-Hoc|iPhone.Deploy.0 = Release|Any CPU
		{A88885A6-E316-43BD-86D9-AF32221D352B}.Ad-Hoc|iPhoneSimulator.ActiveCfg = Release|Any CPU
		{A88885A6-E316-43BD-86D9-AF32221D352B}.Ad-Hoc|iPhoneSimulator.Build.0 = Release|Any CPU
		{A88885A6-E316-43BD-86D9-AF32221D352B}.Ad-Hoc|iPhoneSimulator.Deploy.0 = Release|Any CPU
		{A88885A6-E316-43BD-86D9-AF32221D352B}.Ad-Hoc|x64.ActiveCfg = Release|Any CPU
		{A88885A6-E316-43BD-86D9-AF32221D352B}.Ad-Hoc|x64.Build.0 = Release|Any CPU
		{A88885A6-E316-43BD-86D9-AF32221D352B}.Ad-Hoc|x64.Deploy.0 = Release|Any CPU
		{A88885A6-E316-43BD-86D9-AF32221D352B}.Ad-Hoc|x86.ActiveCfg = Release|x86
		{A88885A6-E316-43BD-86D9-AF32221D352B}.Ad-Hoc|x86.Build.0 = Release|x86
		{A88885A6-E316-43BD-86D9-AF32221D352B}.Ad-Hoc|x86.Deploy.0 = Release|x86
		{A88885A6-E316-43BD-86D9-AF32221D352B}.AppStore|Any CPU.ActiveCfg = Release|Any CPU
		{A88885A6-E316-43BD-86D9-AF32221D352B}.AppStore|Any CPU.Build.0 = Release|Any CPU
		{A88885A6-E316-43BD-86D9-AF32221D352B}.AppStore|Any CPU.Deploy.0 = Release|Any CPU
		{A88885A6-E316-43BD-86D9-AF32221D352B}.AppStore|ARM.ActiveCfg = Release|ARM
		{A88885A6-E316-43BD-86D9-AF32221D352B}.AppStore|ARM.Build.0 = Release|ARM
		{A88885A6-E316-43BD-86D9-AF32221D352B}.AppStore|ARM.Deploy.0 = Release|ARM
		{A88885A6-E316-43BD-86D9-AF32221D352B}.AppStore|iPhone.ActiveCfg = Release|Any CPU
		{A88885A6-E316-43BD-86D9-AF32221D352B}.AppStore|iPhone.Build.0 = Release|Any CPU
		{A88885A6-E316-43BD-86D9-AF32221D352B}.AppStore|iPhone.Deploy.0 = Release|Any CPU
		{A88885A6-E316-43BD-86D9-AF32221D352B}.AppStore|iPhoneSimulator.ActiveCfg = Release|Any CPU
		{A88885A6-E316-43BD-86D9-AF32221D352B}.AppStore|iPhoneSimulator.Build.0 = Release|Any CPU
		{A88885A6-E316-43BD-86D9-AF32221D352B}.AppStore|iPhoneSimulator.Deploy.0 = Release|Any CPU
		{A88885A6-E316-43BD-86D9-AF32221D352B}.AppStore|x64.ActiveCfg = Release|Any CPU
		{A88885A6-E316-43BD-86D9-AF32221D352B}.AppStore|x64.Build.0 = Release|Any CPU
		{A88885A6-E316-43BD-86D9-AF32221D352B}.AppStore|x64.Deploy.0 = Release|Any CPU
		{A88885A6-E316-43BD-86D9-AF32221D352B}.AppStore|x86.ActiveCfg = Release|x86
		{A88885A6-E316-43BD-86D9-AF32221D352B}.AppStore|x86.Build.0 = Release|x86
		{A88885A6-E316-43BD-86D9-AF32221D352B}.AppStore|x86.Deploy.0 = Release|x86
		{A88885A6-E316-43BD-86D9-AF32221D352B}.Debug|Any CPU.ActiveCfg = Debug|Any CPU
		{A88885A6-E316-43BD-86D9-AF32221D352B}.Debug|Any CPU.Build.0 = Debug|Any CPU
		{A88885A6-E316-43BD-86D9-AF32221D352B}.Debug|Any CPU.Deploy.0 = Debug|Any CPU
		{A88885A6-E316-43BD-86D9-AF32221D352B}.Debug|ARM.ActiveCfg = Debug|ARM
		{A88885A6-E316-43BD-86D9-AF32221D352B}.Debug|ARM.Build.0 = Debug|ARM
		{A88885A6-E316-43BD-86D9-AF32221D352B}.Debug|ARM.Deploy.0 = Debug|ARM
		{A88885A6-E316-43BD-86D9-AF32221D352B}.Debug|iPhone.ActiveCfg = Debug|Any CPU
		{A88885A6-E316-43BD-86D9-AF32221D352B}.Debug|iPhone.Build.0 = Debug|Any CPU
		{A88885A6-E316-43BD-86D9-AF32221D352B}.Debug|iPhone.Deploy.0 = Debug|Any CPU
		{A88885A6-E316-43BD-86D9-AF32221D352B}.Debug|iPhoneSimulator.ActiveCfg = Debug|Any CPU
		{A88885A6-E316-43BD-86D9-AF32221D352B}.Debug|iPhoneSimulator.Build.0 = Debug|Any CPU
		{A88885A6-E316-43BD-86D9-AF32221D352B}.Debug|iPhoneSimulator.Deploy.0 = Debug|Any CPU
		{A88885A6-E316-43BD-86D9-AF32221D352B}.Debug|x64.ActiveCfg = Debug|Any CPU
		{A88885A6-E316-43BD-86D9-AF32221D352B}.Debug|x64.Build.0 = Debug|Any CPU
		{A88885A6-E316-43BD-86D9-AF32221D352B}.Debug|x64.Deploy.0 = Debug|Any CPU
		{A88885A6-E316-43BD-86D9-AF32221D352B}.Debug|x86.ActiveCfg = Debug|x86
		{A88885A6-E316-43BD-86D9-AF32221D352B}.Debug|x86.Build.0 = Debug|x86
		{A88885A6-E316-43BD-86D9-AF32221D352B}.Debug|x86.Deploy.0 = Debug|x86
		{A88885A6-E316-43BD-86D9-AF32221D352B}.Release|Any CPU.ActiveCfg = Release|Any CPU
		{A88885A6-E316-43BD-86D9-AF32221D352B}.Release|Any CPU.Build.0 = Release|Any CPU
		{A88885A6-E316-43BD-86D9-AF32221D352B}.Release|Any CPU.Deploy.0 = Release|Any CPU
		{A88885A6-E316-43BD-86D9-AF32221D352B}.Release|ARM.ActiveCfg = Release|ARM
		{A88885A6-E316-43BD-86D9-AF32221D352B}.Release|ARM.Build.0 = Release|ARM
		{A88885A6-E316-43BD-86D9-AF32221D352B}.Release|ARM.Deploy.0 = Release|ARM
		{A88885A6-E316-43BD-86D9-AF32221D352B}.Release|iPhone.ActiveCfg = Release|Any CPU
		{A88885A6-E316-43BD-86D9-AF32221D352B}.Release|iPhone.Build.0 = Release|Any CPU
		{A88885A6-E316-43BD-86D9-AF32221D352B}.Release|iPhone.Deploy.0 = Release|Any CPU
		{A88885A6-E316-43BD-86D9-AF32221D352B}.Release|iPhoneSimulator.ActiveCfg = Release|Any CPU
		{A88885A6-E316-43BD-86D9-AF32221D352B}.Release|iPhoneSimulator.Build.0 = Release|Any CPU
		{A88885A6-E316-43BD-86D9-AF32221D352B}.Release|iPhoneSimulator.Deploy.0 = Release|Any CPU
		{A88885A6-E316-43BD-86D9-AF32221D352B}.Release|x64.ActiveCfg = Release|Any CPU
		{A88885A6-E316-43BD-86D9-AF32221D352B}.Release|x64.Build.0 = Release|Any CPU
		{A88885A6-E316-43BD-86D9-AF32221D352B}.Release|x64.Deploy.0 = Release|Any CPU
		{A88885A6-E316-43BD-86D9-AF32221D352B}.Release|x86.ActiveCfg = Release|x86
		{A88885A6-E316-43BD-86D9-AF32221D352B}.Release|x86.Build.0 = Release|x86
		{A88885A6-E316-43BD-86D9-AF32221D352B}.Release|x86.Deploy.0 = Release|x86
		{3926BC4E-20EC-46C6-8464-2DF9E1740B95}.Ad-Hoc|Any CPU.ActiveCfg = Release|x86
		{3926BC4E-20EC-46C6-8464-2DF9E1740B95}.Ad-Hoc|Any CPU.Build.0 = Release|x86
		{3926BC4E-20EC-46C6-8464-2DF9E1740B95}.Ad-Hoc|Any CPU.Deploy.0 = Release|x86
		{3926BC4E-20EC-46C6-8464-2DF9E1740B95}.Ad-Hoc|ARM.ActiveCfg = Release|ARM
		{3926BC4E-20EC-46C6-8464-2DF9E1740B95}.Ad-Hoc|ARM.Build.0 = Release|ARM
		{3926BC4E-20EC-46C6-8464-2DF9E1740B95}.Ad-Hoc|ARM.Deploy.0 = Release|ARM
		{3926BC4E-20EC-46C6-8464-2DF9E1740B95}.Ad-Hoc|iPhone.ActiveCfg = Release|x86
		{3926BC4E-20EC-46C6-8464-2DF9E1740B95}.Ad-Hoc|iPhone.Build.0 = Release|x86
		{3926BC4E-20EC-46C6-8464-2DF9E1740B95}.Ad-Hoc|iPhone.Deploy.0 = Release|x86
		{3926BC4E-20EC-46C6-8464-2DF9E1740B95}.Ad-Hoc|iPhoneSimulator.ActiveCfg = Release|x86
		{3926BC4E-20EC-46C6-8464-2DF9E1740B95}.Ad-Hoc|iPhoneSimulator.Build.0 = Release|x86
		{3926BC4E-20EC-46C6-8464-2DF9E1740B95}.Ad-Hoc|iPhoneSimulator.Deploy.0 = Release|x86
		{3926BC4E-20EC-46C6-8464-2DF9E1740B95}.Ad-Hoc|x64.ActiveCfg = Release|x64
		{3926BC4E-20EC-46C6-8464-2DF9E1740B95}.Ad-Hoc|x64.Build.0 = Release|x64
		{3926BC4E-20EC-46C6-8464-2DF9E1740B95}.Ad-Hoc|x64.Deploy.0 = Release|x64
		{3926BC4E-20EC-46C6-8464-2DF9E1740B95}.Ad-Hoc|x86.ActiveCfg = Release|x86
		{3926BC4E-20EC-46C6-8464-2DF9E1740B95}.Ad-Hoc|x86.Build.0 = Release|x86
		{3926BC4E-20EC-46C6-8464-2DF9E1740B95}.Ad-Hoc|x86.Deploy.0 = Release|x86
		{3926BC4E-20EC-46C6-8464-2DF9E1740B95}.AppStore|Any CPU.ActiveCfg = Release|x86
		{3926BC4E-20EC-46C6-8464-2DF9E1740B95}.AppStore|Any CPU.Build.0 = Release|x86
		{3926BC4E-20EC-46C6-8464-2DF9E1740B95}.AppStore|Any CPU.Deploy.0 = Release|x86
		{3926BC4E-20EC-46C6-8464-2DF9E1740B95}.AppStore|ARM.ActiveCfg = Release|ARM
		{3926BC4E-20EC-46C6-8464-2DF9E1740B95}.AppStore|ARM.Build.0 = Release|ARM
		{3926BC4E-20EC-46C6-8464-2DF9E1740B95}.AppStore|ARM.Deploy.0 = Release|ARM
		{3926BC4E-20EC-46C6-8464-2DF9E1740B95}.AppStore|iPhone.ActiveCfg = Release|x86
		{3926BC4E-20EC-46C6-8464-2DF9E1740B95}.AppStore|iPhone.Build.0 = Release|x86
		{3926BC4E-20EC-46C6-8464-2DF9E1740B95}.AppStore|iPhone.Deploy.0 = Release|x86
		{3926BC4E-20EC-46C6-8464-2DF9E1740B95}.AppStore|iPhoneSimulator.ActiveCfg = Release|x86
		{3926BC4E-20EC-46C6-8464-2DF9E1740B95}.AppStore|iPhoneSimulator.Build.0 = Release|x86
		{3926BC4E-20EC-46C6-8464-2DF9E1740B95}.AppStore|iPhoneSimulator.Deploy.0 = Release|x86
		{3926BC4E-20EC-46C6-8464-2DF9E1740B95}.AppStore|x64.ActiveCfg = Release|x64
		{3926BC4E-20EC-46C6-8464-2DF9E1740B95}.AppStore|x64.Build.0 = Release|x64
		{3926BC4E-20EC-46C6-8464-2DF9E1740B95}.AppStore|x64.Deploy.0 = Release|x64
		{3926BC4E-20EC-46C6-8464-2DF9E1740B95}.AppStore|x86.ActiveCfg = Release|x86
		{3926BC4E-20EC-46C6-8464-2DF9E1740B95}.AppStore|x86.Build.0 = Release|x86
		{3926BC4E-20EC-46C6-8464-2DF9E1740B95}.AppStore|x86.Deploy.0 = Release|x86
		{3926BC4E-20EC-46C6-8464-2DF9E1740B95}.Debug|Any CPU.ActiveCfg = Debug|x86
		{3926BC4E-20EC-46C6-8464-2DF9E1740B95}.Debug|ARM.ActiveCfg = Debug|ARM
		{3926BC4E-20EC-46C6-8464-2DF9E1740B95}.Debug|ARM.Build.0 = Debug|ARM
		{3926BC4E-20EC-46C6-8464-2DF9E1740B95}.Debug|ARM.Deploy.0 = Debug|ARM
		{3926BC4E-20EC-46C6-8464-2DF9E1740B95}.Debug|iPhone.ActiveCfg = Debug|x86
		{3926BC4E-20EC-46C6-8464-2DF9E1740B95}.Debug|iPhoneSimulator.ActiveCfg = Debug|x86
		{3926BC4E-20EC-46C6-8464-2DF9E1740B95}.Debug|x64.ActiveCfg = Debug|x64
		{3926BC4E-20EC-46C6-8464-2DF9E1740B95}.Debug|x64.Build.0 = Debug|x64
		{3926BC4E-20EC-46C6-8464-2DF9E1740B95}.Debug|x64.Deploy.0 = Debug|x64
		{3926BC4E-20EC-46C6-8464-2DF9E1740B95}.Debug|x86.ActiveCfg = Debug|x86
		{3926BC4E-20EC-46C6-8464-2DF9E1740B95}.Debug|x86.Build.0 = Debug|x86
		{3926BC4E-20EC-46C6-8464-2DF9E1740B95}.Debug|x86.Deploy.0 = Debug|x86
		{3926BC4E-20EC-46C6-8464-2DF9E1740B95}.Release|Any CPU.ActiveCfg = Release|x86
		{3926BC4E-20EC-46C6-8464-2DF9E1740B95}.Release|ARM.ActiveCfg = Release|ARM
		{3926BC4E-20EC-46C6-8464-2DF9E1740B95}.Release|ARM.Build.0 = Release|ARM
		{3926BC4E-20EC-46C6-8464-2DF9E1740B95}.Release|ARM.Deploy.0 = Release|ARM
		{3926BC4E-20EC-46C6-8464-2DF9E1740B95}.Release|iPhone.ActiveCfg = Release|x86
		{3926BC4E-20EC-46C6-8464-2DF9E1740B95}.Release|iPhoneSimulator.ActiveCfg = Release|x86
		{3926BC4E-20EC-46C6-8464-2DF9E1740B95}.Release|x64.ActiveCfg = Release|x64
		{3926BC4E-20EC-46C6-8464-2DF9E1740B95}.Release|x64.Build.0 = Release|x64
		{3926BC4E-20EC-46C6-8464-2DF9E1740B95}.Release|x64.Deploy.0 = Release|x64
		{3926BC4E-20EC-46C6-8464-2DF9E1740B95}.Release|x86.ActiveCfg = Release|x86
		{3926BC4E-20EC-46C6-8464-2DF9E1740B95}.Release|x86.Build.0 = Release|x86
		{3926BC4E-20EC-46C6-8464-2DF9E1740B95}.Release|x86.Deploy.0 = Release|x86
		{4A26DBD6-2FF1-47AA-8D83-4B348800C010}.Ad-Hoc|Any CPU.ActiveCfg = Release|Any CPU
		{4A26DBD6-2FF1-47AA-8D83-4B348800C010}.Ad-Hoc|Any CPU.Build.0 = Release|Any CPU
		{4A26DBD6-2FF1-47AA-8D83-4B348800C010}.Ad-Hoc|Any CPU.Deploy.0 = Release|Any CPU
		{4A26DBD6-2FF1-47AA-8D83-4B348800C010}.Ad-Hoc|ARM.ActiveCfg = Release|ARM
		{4A26DBD6-2FF1-47AA-8D83-4B348800C010}.Ad-Hoc|ARM.Build.0 = Release|ARM
		{4A26DBD6-2FF1-47AA-8D83-4B348800C010}.Ad-Hoc|ARM.Deploy.0 = Release|ARM
		{4A26DBD6-2FF1-47AA-8D83-4B348800C010}.Ad-Hoc|iPhone.ActiveCfg = Release|Any CPU
		{4A26DBD6-2FF1-47AA-8D83-4B348800C010}.Ad-Hoc|iPhone.Build.0 = Release|Any CPU
		{4A26DBD6-2FF1-47AA-8D83-4B348800C010}.Ad-Hoc|iPhone.Deploy.0 = Release|Any CPU
		{4A26DBD6-2FF1-47AA-8D83-4B348800C010}.Ad-Hoc|iPhoneSimulator.ActiveCfg = Release|Any CPU
		{4A26DBD6-2FF1-47AA-8D83-4B348800C010}.Ad-Hoc|iPhoneSimulator.Build.0 = Release|Any CPU
		{4A26DBD6-2FF1-47AA-8D83-4B348800C010}.Ad-Hoc|iPhoneSimulator.Deploy.0 = Release|Any CPU
		{4A26DBD6-2FF1-47AA-8D83-4B348800C010}.Ad-Hoc|x64.ActiveCfg = Release|x64
		{4A26DBD6-2FF1-47AA-8D83-4B348800C010}.Ad-Hoc|x64.Build.0 = Release|x64
		{4A26DBD6-2FF1-47AA-8D83-4B348800C010}.Ad-Hoc|x64.Deploy.0 = Release|x64
		{4A26DBD6-2FF1-47AA-8D83-4B348800C010}.Ad-Hoc|x86.ActiveCfg = Release|x86
		{4A26DBD6-2FF1-47AA-8D83-4B348800C010}.Ad-Hoc|x86.Build.0 = Release|x86
		{4A26DBD6-2FF1-47AA-8D83-4B348800C010}.Ad-Hoc|x86.Deploy.0 = Release|x86
		{4A26DBD6-2FF1-47AA-8D83-4B348800C010}.AppStore|Any CPU.ActiveCfg = Release|Any CPU
		{4A26DBD6-2FF1-47AA-8D83-4B348800C010}.AppStore|Any CPU.Build.0 = Release|Any CPU
		{4A26DBD6-2FF1-47AA-8D83-4B348800C010}.AppStore|Any CPU.Deploy.0 = Release|Any CPU
		{4A26DBD6-2FF1-47AA-8D83-4B348800C010}.AppStore|ARM.ActiveCfg = Release|ARM
		{4A26DBD6-2FF1-47AA-8D83-4B348800C010}.AppStore|ARM.Build.0 = Release|ARM
		{4A26DBD6-2FF1-47AA-8D83-4B348800C010}.AppStore|ARM.Deploy.0 = Release|ARM
		{4A26DBD6-2FF1-47AA-8D83-4B348800C010}.AppStore|iPhone.ActiveCfg = Release|Any CPU
		{4A26DBD6-2FF1-47AA-8D83-4B348800C010}.AppStore|iPhone.Build.0 = Release|Any CPU
		{4A26DBD6-2FF1-47AA-8D83-4B348800C010}.AppStore|iPhone.Deploy.0 = Release|Any CPU
		{4A26DBD6-2FF1-47AA-8D83-4B348800C010}.AppStore|iPhoneSimulator.ActiveCfg = Release|Any CPU
		{4A26DBD6-2FF1-47AA-8D83-4B348800C010}.AppStore|iPhoneSimulator.Build.0 = Release|Any CPU
		{4A26DBD6-2FF1-47AA-8D83-4B348800C010}.AppStore|iPhoneSimulator.Deploy.0 = Release|Any CPU
		{4A26DBD6-2FF1-47AA-8D83-4B348800C010}.AppStore|x64.ActiveCfg = Release|x64
		{4A26DBD6-2FF1-47AA-8D83-4B348800C010}.AppStore|x64.Build.0 = Release|x64
		{4A26DBD6-2FF1-47AA-8D83-4B348800C010}.AppStore|x64.Deploy.0 = Release|x64
		{4A26DBD6-2FF1-47AA-8D83-4B348800C010}.AppStore|x86.ActiveCfg = Release|x86
		{4A26DBD6-2FF1-47AA-8D83-4B348800C010}.AppStore|x86.Build.0 = Release|x86
		{4A26DBD6-2FF1-47AA-8D83-4B348800C010}.AppStore|x86.Deploy.0 = Release|x86
		{4A26DBD6-2FF1-47AA-8D83-4B348800C010}.Debug|Any CPU.ActiveCfg = Debug|Any CPU
		{4A26DBD6-2FF1-47AA-8D83-4B348800C010}.Debug|Any CPU.Build.0 = Debug|Any CPU
		{4A26DBD6-2FF1-47AA-8D83-4B348800C010}.Debug|Any CPU.Deploy.0 = Debug|Any CPU
		{4A26DBD6-2FF1-47AA-8D83-4B348800C010}.Debug|ARM.ActiveCfg = Debug|ARM
		{4A26DBD6-2FF1-47AA-8D83-4B348800C010}.Debug|ARM.Build.0 = Debug|ARM
		{4A26DBD6-2FF1-47AA-8D83-4B348800C010}.Debug|ARM.Deploy.0 = Debug|ARM
		{4A26DBD6-2FF1-47AA-8D83-4B348800C010}.Debug|iPhone.ActiveCfg = Debug|Any CPU
		{4A26DBD6-2FF1-47AA-8D83-4B348800C010}.Debug|iPhone.Build.0 = Debug|Any CPU
		{4A26DBD6-2FF1-47AA-8D83-4B348800C010}.Debug|iPhone.Deploy.0 = Debug|Any CPU
		{4A26DBD6-2FF1-47AA-8D83-4B348800C010}.Debug|iPhoneSimulator.ActiveCfg = Debug|Any CPU
		{4A26DBD6-2FF1-47AA-8D83-4B348800C010}.Debug|iPhoneSimulator.Build.0 = Debug|Any CPU
		{4A26DBD6-2FF1-47AA-8D83-4B348800C010}.Debug|iPhoneSimulator.Deploy.0 = Debug|Any CPU
		{4A26DBD6-2FF1-47AA-8D83-4B348800C010}.Debug|x64.ActiveCfg = Debug|x64
		{4A26DBD6-2FF1-47AA-8D83-4B348800C010}.Debug|x64.Build.0 = Debug|x64
		{4A26DBD6-2FF1-47AA-8D83-4B348800C010}.Debug|x64.Deploy.0 = Debug|x64
		{4A26DBD6-2FF1-47AA-8D83-4B348800C010}.Debug|x86.ActiveCfg = Debug|x86
		{4A26DBD6-2FF1-47AA-8D83-4B348800C010}.Debug|x86.Build.0 = Debug|x86
		{4A26DBD6-2FF1-47AA-8D83-4B348800C010}.Debug|x86.Deploy.0 = Debug|x86
		{4A26DBD6-2FF1-47AA-8D83-4B348800C010}.Release|Any CPU.ActiveCfg = Release|Any CPU
		{4A26DBD6-2FF1-47AA-8D83-4B348800C010}.Release|Any CPU.Build.0 = Release|Any CPU
		{4A26DBD6-2FF1-47AA-8D83-4B348800C010}.Release|Any CPU.Deploy.0 = Release|Any CPU
		{4A26DBD6-2FF1-47AA-8D83-4B348800C010}.Release|ARM.ActiveCfg = Release|ARM
		{4A26DBD6-2FF1-47AA-8D83-4B348800C010}.Release|ARM.Build.0 = Release|ARM
		{4A26DBD6-2FF1-47AA-8D83-4B348800C010}.Release|ARM.Deploy.0 = Release|ARM
		{4A26DBD6-2FF1-47AA-8D83-4B348800C010}.Release|iPhone.ActiveCfg = Release|Any CPU
		{4A26DBD6-2FF1-47AA-8D83-4B348800C010}.Release|iPhone.Build.0 = Release|Any CPU
		{4A26DBD6-2FF1-47AA-8D83-4B348800C010}.Release|iPhone.Deploy.0 = Release|Any CPU
		{4A26DBD6-2FF1-47AA-8D83-4B348800C010}.Release|iPhoneSimulator.ActiveCfg = Release|Any CPU
		{4A26DBD6-2FF1-47AA-8D83-4B348800C010}.Release|iPhoneSimulator.Build.0 = Release|Any CPU
		{4A26DBD6-2FF1-47AA-8D83-4B348800C010}.Release|iPhoneSimulator.Deploy.0 = Release|Any CPU
		{4A26DBD6-2FF1-47AA-8D83-4B348800C010}.Release|x64.ActiveCfg = Release|x64
		{4A26DBD6-2FF1-47AA-8D83-4B348800C010}.Release|x64.Build.0 = Release|x64
		{4A26DBD6-2FF1-47AA-8D83-4B348800C010}.Release|x64.Deploy.0 = Release|x64
		{4A26DBD6-2FF1-47AA-8D83-4B348800C010}.Release|x86.ActiveCfg = Release|x86
		{4A26DBD6-2FF1-47AA-8D83-4B348800C010}.Release|x86.Build.0 = Release|x86
		{4A26DBD6-2FF1-47AA-8D83-4B348800C010}.Release|x86.Deploy.0 = Release|x86
	EndGlobalSection
	GlobalSection(SolutionProperties) = preSolution
		HideSolutionNode = FALSE
	EndGlobalSection
EndGlobal
